
Microsoft Visual Studio Solution File, Format Version 12.00
# Visual Studio Version 17
VisualStudioVersion = 17.0.31903.59
MinimumVisualStudioVersion = 10.0.40219.1
Project("{2150E333-8FDC-42A3-9474-1A3956D46DE8}") = "src", "src", "{ACAE82D3-B609-4518-86DC-3AEB33D96C4B}"
EndProject
Project("{9A19103F-16F7-4668-BE54-9A1E7A4F7556}") = "PatchRequest", "src\PatchRequest\PatchRequest.csproj", "{2F01E54C-C39C-4B7A-8001-5307A300D5DB}"
EndProject
Project("{9A19103F-16F7-4668-BE54-9A1E7A4F7556}") = "PatchRequest.Tests", "PatchRequest.Test\PatchRequest.Tests.csproj", "{7CA8E955-E9CC-4CC8-9129-DF2C43C2AF07}"
EndProject
Global
	GlobalSection(SolutionConfigurationPlatforms) = preSolution
		Debug|Any CPU = Debug|Any CPU
		Release|Any CPU = Release|Any CPU
	EndGlobalSection
	GlobalSection(ProjectConfigurationPlatforms) = postSolution
		{2F01E54C-C39C-4B7A-8001-5307A300D5DB}.Debug|Any CPU.ActiveCfg = Debug|Any CPU
		{2F01E54C-C39C-4B7A-8001-5307A300D5DB}.Debug|Any CPU.Build.0 = Debug|Any CPU
		{2F01E54C-C39C-4B7A-8001-5307A300D5DB}.Release|Any CPU.ActiveCfg = Release|Any CPU
		{2F01E54C-C39C-4B7A-8001-5307A300D5DB}.Release|Any CPU.Build.0 = Release|Any CPU
		{7CA8E955-E9CC-4CC8-9129-DF2C43C2AF07}.Debug|Any CPU.ActiveCfg = Debug|Any CPU
		{7CA8E955-E9CC-4CC8-9129-DF2C43C2AF07}.Debug|Any CPU.Build.0 = Debug|Any CPU
		{7CA8E955-E9CC-4CC8-9129-DF2C43C2AF07}.Release|Any CPU.ActiveCfg = Release|Any CPU
		{7CA8E955-E9CC-4CC8-9129-DF2C43C2AF07}.Release|Any CPU.Build.0 = Release|Any CPU
	EndGlobalSection
	GlobalSection(SolutionProperties) = preSolution
		HideSolutionNode = FALSE
	EndGlobalSection
	GlobalSection(NestedProjects) = preSolution
		{2F01E54C-C39C-4B7A-8001-5307A300D5DB} = {ACAE82D3-B609-4518-86DC-3AEB33D96C4B}
	EndGlobalSection
EndGlobal
